// !$*UTF8*$!
{
	archiveVersion = 1;
	classes = {
	};
	objectVersion = 77;
	objects = {

/* Begin PBXContainerItemProxy section */
		18CD70CA2EFBDB4700F3CEBF /* PBXContainerItemProxy */ = {
			isa = PBXContainerItemProxy;
			containerPortal = 18CD70B12EFBDB4400F3CEBF /* Project object */;
			proxyType = 1;
			remoteGlobalIDString = 18CD70B82EFBDB4400F3CEBF;
			remoteInfo = "l-times-my";
		};
		18CD70D42EFBDB4700F3CEBF /* PBXContainerItemProxy */ = {
			isa = PBXContainerItemProxy;
			containerPortal = 18CD70B12EFBDB4400F3CEBF /* Project object */;
			proxyType = 1;
			remoteGlobalIDString = 18CD70B82EFBDB4400F3CEBF;
			remoteInfo = "l-times-my";
		};
/* End PBXContainerItemProxy section */

/* Begin PBXFileReference section */
		18CD70B92EFBDB4400F3CEBF /* l-times-my.app */ = {isa = PBXFileReference; explicitFileType = wrapper.application; includeInIndex = 0; path = "l-times-my.app"; sourceTree = BUILT_PRODUCTS_DIR; };
		18CD70C92EFBDB4700F3CEBF /* l-times-myTests.xctest */ = {isa = PBXFileReference; explicitFileType = wrapper.cfbundle; includeInIndex = 0; path = "l-times-myTests.xctest"; sourceTree = BUILT_PRODUCTS_DIR; };
		18CD70D32EFBDB4700F3CEBF /* l-times-myUITests.xctest */ = {isa = PBXFileReference; explicitFileType = wrapper.cfbundle; includeInIndex = 0; path = "l-times-myUITests.xctest"; sourceTree = BUILT_PRODUCTS_DIR; };
/* End PBXFileReference section */

/* Begin PBXFileSystemSynchronizedRootGroup section */
		18CD70BB2EFBDB4400F3CEBF /* l-times-my */ = {
			isa = PBXFileSystemSynchronizedRootGroup;
			path = "l-times-my";
			sourceTree = "<group>";
		};
		18CD70CC2EFBDB4700F3CEBF /* l-times-myTests */ = {
			isa = PBXFileSystemSynchronizedRootGroup;
			path = "l-times-myTests";
			sourceTree = "<group>";
		};
		18CD70D62EFBDB4700F3CEBF /* l-times-myUITests */ = {
			isa = PBXFileSystemSynchronizedRootGroup;
			path = "l-times-myUITests";
			sourceTree = "<group>";
		};
/* End PBXFileSystemSynchronizedRootGroup section */

/* Begin PBXFrameworksBuildPhase section */
		18CD70B62EFBDB4400F3CEBF /* Frameworks */ = {
			isa = PBXFrameworksBuildPhase;
			buildActionMask = 2147483647;
			files = (
			);
			runOnlyForDeploymentPostprocessing = 0;
		};
		18CD70C62EFBDB4700F3CEBF /* Frameworks */ = {
			isa = PBXFrameworksBuildPhase;
			buildActionMask = 2147483647;
			files = (
			);
			runOnlyForDeploymentPostprocessing = 0;
		};
		18CD70D02EFBDB4700F3CEBF /* Frameworks */ = {
			isa = PBXFrameworksBuildPhase;
			buildActionMask = 2147483647;
			files = (
			);
			runOnlyForDeploymentPostprocessing = 0;
		};
/* End PBXFrameworksBuildPhase section */

/* Begin PBXGroup section */
		18CD70B02EFBDB4400F3CEBF = {
			isa = PBXGroup;
			children = (
				18CD70BB2EFBDB4400F3CEBF /* l-times-my */,
				18CD70CC2EFBDB4700F3CEBF /* l-times-myTests */,
				18CD70D62EFBDB4700F3CEBF /* l-times-myUITests */,
				18CD70BA2EFBDB4400F3CEBF /* Products */,
			);
			sourceTree = "<group>";
		};
		18CD70BA2EFBDB4400F3CEBF /* Products */ = {
			isa = PBXGroup;
			children = (
				18CD70B92EFBDB4400F3CEBF /* l-times-my.app */,
				18CD70C92EFBDB4700F3CEBF /* l-times-myTests.xctest */,
				18CD70D32EFBDB4700F3CEBF /* l-times-myUITests.xctest */,
			);
			name = Products;
			sourceTree = "<group>";
		};
/* End PBXGroup section */

/* Begin PBXNativeTarget section */
		18CD70B82EFBDB4400F3CEBF /* l-times-my */ = {
			isa = PBXNativeTarget;
			buildConfigurationList = 18CD70DD2EFBDB4700F3CEBF /* Build configuration list for PBXNativeTarget "l-times-my" */;
			buildPhases = (
				18CD70B52EFBDB4400F3CEBF /* Sources */,
				18CD70B62EFBDB4400F3CEBF /* Frameworks */,
				18CD70B72EFBDB4400F3CEBF /* Resources */,
			);
			buildRules = (
			);
			dependencies = (
			);
			fileSystemSynchronizedGroups = (
				18CD70BB2EFBDB4400F3CEBF /* l-times-my */,
			);
			name = "l-times-my";
			packageProductDependencies = (
			);
			productName = "l-times-my";
			productReference = 18CD70B92EFBDB4400F3CEBF /* l-times-my.app */;
			productType = "com.apple.product-type.application";
		};
		18CD70C82EFBDB4700F3CEBF /* l-times-myTests */ = {
			isa = PBXNativeTarget;
			buildConfigurationList = 18CD70E02EFBDB4700F3CEBF /* Build configuration list for PBXNativeTarget "l-times-myTests" */;
			buildPhases = (
				18CD70C52EFBDB4700F3CEBF /* Sources */,
				18CD70C62EFBDB4700F3CEBF /* Frameworks */,
				18CD70C72EFBDB4700F3CEBF /* Resources */,
			);
			buildRules = (
			);
			dependencies = (
				18CD70CB2EFBDB4700F3CEBF /* PBXTargetDependency */,
			);
			fileSystemSynchronizedGroups = (
				18CD70CC2EFBDB4700F3CEBF /* l-times-myTests */,
			);
			name = "l-times-myTests";
			packageProductDependencies = (
			);
			productName = "l-times-myTests";
			productReference = 18CD70C92EFBDB4700F3CEBF /* l-times-myTests.xctest */;
			productType = "com.apple.product-type.bundle.unit-test";
		};
		18CD70D22EFBDB4700F3CEBF /* l-times-myUITests */ = {
			isa = PBXNativeTarget;
			buildConfigurationList = 18CD70E32EFBDB4700F3CEBF /* Build configuration list for PBXNativeTarget "l-times-myUITests" */;
			buildPhases = (
				18CD70CF2EFBDB4700F3CEBF /* Sources */,
				18CD70D02EFBDB4700F3CEBF /* Frameworks */,
				18CD70D12EFBDB4700F3CEBF /* Resources */,
			);
			buildRules = (
			);
			dependencies = (
				18CD70D52EFBDB4700F3CEBF /* PBXTargetDependency */,
			);
			fileSystemSynchronizedGroups = (
				18CD70D62EFBDB4700F3CEBF /* l-times-myUITests */,
			);
			name = "l-times-myUITests";
			packageProductDependencies = (
			);
			productName = "l-times-myUITests";
			productReference = 18CD70D32EFBDB4700F3CEBF /* l-times-myUITests.xctest */;
			productType = "com.apple.product-type.bundle.ui-testing";
		};
/* End PBXNativeTarget section */

/* Begin PBXProject section */
		18CD70B12EFBDB4400F3CEBF /* Project object */ = {
			isa = PBXProject;
			attributes = {
				BuildIndependentTargetsInParallel = 1;
				LastSwiftUpdateCheck = 1620;
				LastUpgradeCheck = 1620;
				TargetAttributes = {
					18CD70B82EFBDB4400F3CEBF = {
						CreatedOnToolsVersion = 16.2;
					};
					18CD70C82EFBDB4700F3CEBF = {
						CreatedOnToolsVersion = 16.2;
						TestTargetID = 18CD70B82EFBDB4400F3CEBF;
					};
					18CD70D22EFBDB4700F3CEBF = {
						CreatedOnToolsVersion = 16.2;
						TestTargetID = 18CD70B82EFBDB4400F3CEBF;
					};
				};
			};
			buildConfigurationList = 18CD70B42EFBDB4400F3CEBF /* Build configuration list for PBXProject "l-times-my" */;
			developmentRegion = en;
			hasScannedForEncodings = 0;
			knownRegions = (
				en,
				Base,
			);
			mainGroup = 18CD70B02EFBDB4400F3CEBF;
			minimizedProjectReferenceProxies = 1;
			preferredProjectObjectVersion = 77;
			productRefGroup = 18CD70BA2EFBDB4400F3CEBF /* Products */;
			projectDirPath = "";
			projectRoot = "";
			targets = (
				18CD70B82EFBDB4400F3CEBF /* l-times-my */,
				18CD70C82EFBDB4700F3CEBF /* l-times-myTests */,
				18CD70D22EFBDB4700F3CEBF /* l-times-myUITests */,
			);
		};
/* End PBXProject section */

/* Begin PBXResourcesBuildPhase section */
		18CD70B72EFBDB4400F3CEBF /* Resources */ = {
			isa = PBXResourcesBuildPhase;
			buildActionMask = 2147483647;
			files = (
			);
			runOnlyForDeploymentPostprocessing = 0;
		};
		18CD70C72EFBDB4700F3CEBF /* Resources */ = {
			isa = PBXResourcesBuildPhase;
			buildActionMask = 2147483647;
			files = (
			);
			runOnlyForDeploymentPostprocessing = 0;
		};
		18CD70D12EFBDB4700F3CEBF /* Resources */ = {
			isa = PBXResourcesBuildPhase;
			buildActionMask = 2147483647;
			files = (
			);
			runOnlyForDeploymentPostprocessing = 0;
		};
/* End PBXResourcesBuildPhase section */

/* Begin PBXSourcesBuildPhase section */
		18CD70B52EFBDB4400F3CEBF /* Sources */ = {
			isa = PBXSourcesBuildPhase;
			buildActionMask = 2147483647;
			files = (
			);
			runOnlyForDeploymentPostprocessing = 0;
		};
		18CD70C52EFBDB4700F3CEBF /* Sources */ = {
			isa = PBXSourcesBuildPhase;
			buildActionMask = 2147483647;
			files = (
			);
			runOnlyForDeploymentPostprocessing = 0;
		};
		18CD70CF2EFBDB4700F3CEBF /* Sources */ = {
			isa = PBXSourcesBuildPhase;
			buildActionMask = 2147483647;
			files = (
			);
			runOnlyForDeploymentPostprocessing = 0;
		};
/* End PBXSourcesBuildPhase section */

/* Begin PBXTargetDependency section */
		18CD70CB2EFBDB4700F3CEBF /* PBXTargetDependency */ = {
			isa = PBXTargetDependency;
			target = 18CD70B82EFBDB4400F3CEBF /* l-times-my */;
			targetProxy = 18CD70CA2EFBDB4700F3CEBF /* PBXContainerItemProxy */;
		};
		18CD70D52EFBDB4700F3CEBF /* PBXTargetDependency */ = {
			isa = PBXTargetDependency;
			target = 18CD70B82EFBDB4400F3CEBF /* l-times-my */;
			targetProxy = 18CD70D42EFBDB4700F3CEBF /* PBXContainerItemProxy */;
		};
/* End PBXTargetDependency section */

/* Begin XCBuildConfiguration section */
		18CD70DB2EFBDB4700F3CEBF /* Debug */ = {
			isa = XCBuildConfiguration;
			buildSettings = {
				ALWAYS_SEARCH_USER_PATHS = NO;
				ASSETCATALOG_COMPILER_GENERATE_SWIFT_ASSET_SYMBOL_EXTENSIONS = YES;
				CLANG_ANALYZER_NONNULL = YES;
				CLANG_ANALYZER_NUMBER_OBJECT_CONVERSION = YES_AGGRESSIVE;
				CLANG_CXX_LANGUAGE_STANDARD = "gnu++20";
				CLANG_ENABLE_MODULES = YES;
				CLANG_ENABLE_OBJC_ARC = YES;
				CLANG_ENABLE_OBJC_WEAK = YES;
				CLANG_WARN_BLOCK_CAPTURE_AUTORELEASING = YES;
				CLANG_WARN_BOOL_CONVERSION = YES;
				CLANG_WARN_COMMA = YES;
				CLANG_WARN_CONSTANT_CONVERSION = YES;
				CLANG_WARN_DEPRECATED_OBJC_IMPLEMENTATIONS = YES;
				CLANG_WARN_DIRECT_OBJC_ISA_USAGE = YES_ERROR;
				CLANG_WARN_DOCUMENTATION_COMMENTS = YES;
				CLANG_WARN_EMPTY_BODY = YES;
				CLANG_WARN_ENUM_CONVERSION = YES;
				CLANG_WARN_INFINITE_RECURSION = YES;
				CLANG_WARN_INT_CONVERSION = YES;
				CLANG_WARN_NON_LITERAL_NULL_CONVERSION = YES;
				CLANG_WARN_OBJC_IMPLICIT_RETAIN_SELF = YES;
				CLANG_WARN_OBJC_LITERAL_CONVERSION = YES;
				CLANG_WARN_OBJC_ROOT_CLASS = YES_ERROR;
				CLANG_WARN_QUOTED_INCLUDE_IN_FRAMEWORK_HEADER = YES;
				CLANG_WARN_RANGE_LOOP_ANALYSIS = YES;
				CLANG_WARN_STRICT_PROTOTYPES = YES;
				CLANG_WARN_SUSPICIOUS_MOVE = YES;
				CLANG_WARN_UNGUARDED_AVAILABILITY = YES_AGGRESSIVE;
				CLANG_WARN_UNREACHABLE_CODE = YES;
				CLANG_WARN__DUPLICATE_METHOD_MATCH = YES;
				COPY_PHASE_STRIP = NO;
				DEBUG_INFORMATION_FORMAT = dwarf;
				ENABLE_STRICT_OBJC_MSGSEND = YES;
				ENABLE_TESTABILITY = YES;
				ENABLE_USER_SCRIPT_SANDBOXING = YES;
				GCC_C_LANGUAGE_STANDARD = gnu17;
				GCC_DYNAMIC_NO_PIC = NO;
				GCC_NO_COMMON_BLOCKS = YES;
				GCC_OPTIMIZATION_LEVEL = 0;
				GCC_PREPROCESSOR_DEFINITIONS = (
					"DEBUG=1",
					"$(inherited)",
				);
				GCC_WARN_64_TO_32_BIT_CONVERSION = YES;
				GCC_WARN_ABOUT_RETURN_TYPE = YES_ERROR;
				GCC_WARN_UNDECLARED_SELECTOR = YES;
				GCC_WARN_UNINITIALIZED_AUTOS = YES_AGGRESSIVE;
				GCC_WARN_UNUSED_FUNCTION = YES;
				GCC_WARN_UNUSED_VARIABLE = YES;
				IPHONEOS_DEPLOYMENT_TARGET = 18.2;
				LOCALIZATION_PREFERS_STRING_CATALOGS = YES;
				MTL_ENABLE_DEBUG_INFO = INCLUDE_SOURCE;
				MTL_FAST_MATH = YES;
				ONLY_ACTIVE_ARCH = YES;
				SDKROOT = iphoneos;
				SWIFT_ACTIVE_COMPILATION_CONDITIONS = "DEBUG $(inherited)";
				SWIFT_OPTIMIZATION_LEVEL = "-Onone";
			};
			name = Debug;
		};
		18CD70DC2EFBDB4700F3CEBF /* Release */ = {
			isa = XCBuildConfiguration;
			buildSettings = {
				ALWAYS_SEARCH_USER_PATHS = NO;
				ASSETCATALOG_COMPILER_GENERATE_SWIFT_ASSET_SYMBOL_EXTENSIONS = YES;
				CLANG_ANALYZER_NONNULL = YES;
				CLANG_ANALYZER_NUMBER_OBJECT_CONVERSION = YES_AGGRESSIVE;
				CLANG_CXX_LANGUAGE_STANDARD = "gnu++20";
				CLANG_ENABLE_MODULES = YES;
				CLANG_ENABLE_OBJC_ARC = YES;
				CLANG_ENABLE_OBJC_WEAK = YES;
				CLANG_WARN_BLOCK_CAPTURE_AUTORELEASING = YES;
				CLANG_WARN_BOOL_CONVERSION = YES;
				CLANG_WARN_COMMA = YES;
				CLANG_WARN_CONSTANT_CONVERSION = YES;
				CLANG_WARN_DEPRECATED_OBJC_IMPLEMENTATIONS = YES;
				CLANG_WARN_DIRECT_OBJC_ISA_USAGE = YES_ERROR;
				CLANG_WARN_DOCUMENTATION_COMMENTS = YES;
				CLANG_WARN_EMPTY_BODY = YES;
				CLANG_WARN_ENUM_CONVERSION = YES;
				CLANG_WARN_INFINITE_RECURSION = YES;
				CLANG_WARN_INT_CONVERSION = YES;
				CLANG_WARN_NON_LITERAL_NULL_CONVERSION = YES;
				CLANG_WARN_OBJC_IMPLICIT_RETAIN_SELF = YES;
				CLANG_WARN_OBJC_LITERAL_CONVERSION = YES;
				CLANG_WARN_OBJC_ROOT_CLASS = YES_ERROR;
				CLANG_WARN_QUOTED_INCLUDE_IN_FRAMEWORK_HEADER = YES;
				CLANG_WARN_RANGE_LOOP_ANALYSIS = YES;
				CLANG_WARN_STRICT_PROTOTYPES = YES;
				CLANG_WARN_SUSPICIOUS_MOVE = YES;
				CLANG_WARN_UNGUARDED_AVAILABILITY = YES_AGGRESSIVE;
				CLANG_WARN_UNREACHABLE_CODE = YES;
				CLANG_WARN__DUPLICATE_METHOD_MATCH = YES;
				COPY_PHASE_STRIP = NO;
				DEBUG_INFORMATION_FORMAT = "dwarf-with-dsym";
				ENABLE_NS_ASSERTIONS = NO;
				ENABLE_STRICT_OBJC_MSGSEND = YES;
				ENABLE_USER_SCRIPT_SANDBOXING = YES;
				GCC_C_LANGUAGE_STANDARD = gnu17;
				GCC_NO_COMMON_BLOCKS = YES;
				GCC_WARN_64_TO_32_BIT_CONVERSION = YES;
				GCC_WARN_ABOUT_RETURN_TYPE = YES_ERROR;
				GCC_WARN_UNDECLARED_SELECTOR = YES;
				GCC_WARN_UNINITIALIZED_AUTOS = YES_AGGRESSIVE;
				GCC_WARN_UNUSED_FUNCTION = YES;
				GCC_WARN_UNUSED_VARIABLE = YES;
				IPHONEOS_DEPLOYMENT_TARGET = 18.2;
				LOCALIZATION_PREFERS_STRING_CATALOGS = YES;
				MTL_ENABLE_DEBUG_INFO = NO;
				MTL_FAST_MATH = YES;
				SDKROOT = iphoneos;
				SWIFT_COMPILATION_MODE = wholemodule;
				VALIDATE_PRODUCT = YES;
			};
			name = Release;
		};
		18CD70DE2EFBDB4700F3CEBF /* Debug */ = {
			isa = XCBuildConfiguration;
			buildSettings = {
				ASSETCATALOG_COMPILER_APPICON_NAME = AppIcon;
				ASSETCATALOG_COMPILER_GLOBAL_ACCENT_COLOR_NAME = AccentColor;
				CODE_SIGN_STYLE = Automatic;
				CURRENT_PROJECT_VERSION = 1;
				DEVELOPMENT_ASSET_PATHS = "\"l-times-my/Preview Content\"";
				ENABLE_PREVIEWS = YES;
				GENERATE_INFOPLIST_FILE = YES;
				INFOPLIST_KEY_UIApplicationSceneManifest_Generation = YES;
				INFOPLIST_KEY_UIApplicationSupportsIndirectInputEvents = YES;
				INFOPLIST_KEY_UILaunchScreen_Generation = YES;
				INFOPLIST_KEY_UISupportedInterfaceOrientations_iPad = "UIInterfaceOrientationPortrait UIInterfaceOrientationPortraitUpsideDown UIInterfaceOrientationLandscapeLeft UIInterfaceOrientationLandscapeRight";
				INFOPLIST_KEY_UISupportedInterfaceOrientations_iPhone = "UIInterfaceOrientationPortrait UIInterfaceOrientationLandscapeLeft UIInterfaceOrientationLandscapeRight";
				LD_RUNPATH_SEARCH_PATHS = (
					"$(inherited)",
					"@executable_path/Frameworks",
				);
				MARKETING_VERSION = 1.0;
				PRODUCT_BUNDLE_IDENTIFIER = "com.l-times-my";
				PRODUCT_NAME = "$(TARGET_NAME)";
				SWIFT_EMIT_LOC_STRINGS = YES;
				SWIFT_VERSION = 5.0;
				TARGETED_DEVICE_FAMILY = "1,2";
			};
			name = Debug;
		};
		18CD70DF2EFBDB4700F3CEBF /* Release */ = {
			isa = XCBuildConfiguration;
			buildSettings = {
				ASSETCATALOG_COMPILER_APPICON_NAME = AppIcon;
				ASSETCATALOG_COMPILER_GLOBAL_ACCENT_COLOR_NAME = AccentColor;
				CODE_SIGN_STYLE = Automatic;
				CURRENT_PROJECT_VERSION = 1;
				DEVELOPMENT_ASSET_PATHS = "\"l-times-my/Preview Content\"";
				ENABLE_PREVIEWS = YES;
				GENERATE_INFOPLIST_FILE = YES;
				INFOPLIST_KEY_UIApplicationSceneManifest_Generation = YES;
				INFOPLIST_KEY_UIApplicationSupportsIndirectInputEvents = YES;
				INFOPLIST_KEY_UILaunchScreen_Generation = YES;
				INFOPLIST_KEY_UISupportedInterfaceOrientations_iPad = "UIInterfaceOrientationPortrait UIInterfaceOrientationPortraitUpsideDown UIInterfaceOrientationLandscapeLeft UIInterfaceOrientationLandscapeRight";
				INFOPLIST_KEY_UISupportedInterfaceOrientations_iPhone = "UIInterfaceOrientationPortrait UIInterfaceOrientationLandscapeLeft UIInterfaceOrientationLandscapeRight";
				LD_RUNPATH_SEARCH_PATHS = (
					"$(inherited)",
					"@executable_path/Frameworks",
				);
				MARKETING_VERSION = 1.0;
				PRODUCT_BUNDLE_IDENTIFIER = "com.l-times-my";
				PRODUCT_NAME = "$(TARGET_NAME)";
				SWIFT_EMIT_LOC_STRINGS = YES;
				SWIFT_VERSION = 5.0;
				TARGETED_DEVICE_FAMILY = "1,2";
			};
			name = Release;
		};
		18CD70E12EFBDB4700F3CEBF /* Debug */ = {
			isa = XCBuildConfiguration;
			buildSettings = {
				BUNDLE_LOADER = "$(TEST_HOST)";
				CODE_SIGN_STYLE = Automatic;
				CURRENT_PROJECT_VERSION = 1;
				GENERATE_INFOPLIST_FILE = YES;
				IPHONEOS_DEPLOYMENT_TARGET = 18.2;
				MARKETING_VERSION = 1.0;
				PRODUCT_BUNDLE_IDENTIFIER = "com.l-times-myTests";
				PRODUCT_NAME = "$(TARGET_NAME)";
				SWIFT_EMIT_LOC_STRINGS = NO;
				SWIFT_VERSION = 5.0;
				TARGETED_DEVICE_FAMILY = "1,2";
				TEST_HOST = "$(BUILT_PRODUCTS_DIR)/l-times-my.app/$(BUNDLE_EXECUTABLE_FOLDER_PATH)/l-times-my";
			};
			name = Debug;
		};
		18CD70E22EFBDB4700F3CEBF /* Release */ = {
			isa = XCBuildConfiguration;
			buildSettings = {
				BUNDLE_LOADER = "$(TEST_HOST)";
				CODE_SIGN_STYLE = Automatic;
				CURRENT_PROJECT_VERSION = 1;
				GENERATE_INFOPLIST_FILE = YES;
				IPHONEOS_DEPLOYMENT_TARGET = 18.2;
				MARKETING_VERSION = 1.0;
				PRODUCT_BUNDLE_IDENTIFIER = "com.l-times-myTests";
				PRODUCT_NAME = "$(TARGET_NAME)";
				SWIFT_EMIT_LOC_STRINGS = NO;
				SWIFT_VERSION = 5.0;
				TARGETED_DEVICE_FAMILY = "1,2";
				TEST_HOST = "$(BUILT_PRODUCTS_DIR)/l-times-my.app/$(BUNDLE_EXECUTABLE_FOLDER_PATH)/l-times-my";
			};
			name = Release;
		};
		18CD70E42EFBDB4700F3CEBF /* Debug */ = {
			isa = XCBuildConfiguration;
			buildSettings = {
				CODE_SIGN_STYLE = Automatic;
				CURRENT_PROJECT_VERSION = 1;
				GENERATE_INFOPLIST_FILE = YES;
				MARKETING_VERSION = 1.0;
				PRODUCT_BUNDLE_IDENTIFIER = "com.l-times-myUITests";
				PRODUCT_NAME = "$(TARGET_NAME)";
				SWIFT_EMIT_LOC_STRINGS = NO;
				SWIFT_VERSION = 5.0;
				TARGETED_DEVICE_FAMILY = "1,2";
				TEST_TARGET_NAME = "l-times-my";
			};
			name = Debug;
		};
		18CD70E52EFBDB4700F3CEBF /* Release */ = {
			isa = XCBuildConfiguration;
			buildSettings = {
				CODE_SIGN_STYLE = Automatic;
				CURRENT_PROJECT_VERSION = 1;
				GENERATE_INFOPLIST_FILE = YES;
				MARKETING_VERSION = 1.0;
				PRODUCT_BUNDLE_IDENTIFIER = "com.l-times-myUITests";
				PRODUCT_NAME = "$(TARGET_NAME)";
				SWIFT_EMIT_LOC_STRINGS = NO;
				SWIFT_VERSION = 5.0;
				TARGETED_DEVICE_FAMILY = "1,2";
				TEST_TARGET_NAME = "l-times-my";
			};
			name = Release;
		};
/* End XCBuildConfiguration section */

/* Begin XCConfigurationList section */
		18CD70B42EFBDB4400F3CEBF /* Build configuration list for PBXProject "l-times-my" */ = {
			isa = XCConfigurationList;
			buildConfigurations = (
				18CD70DB2EFBDB4700F3CEBF /* Debug */,
				18CD70DC2EFBDB4700F3CEBF /* Release */,
			);
			defaultConfigurationIsVisible = 0;
			defaultConfigurationName = Release;
		};
		18CD70DD2EFBDB4700F3CEBF /* Build configuration list for PBXNativeTarget "l-times-my" */ = {
			isa = XCConfigurationList;
			buildConfigurations = (
				18CD70DE2EFBDB4700F3CEBF /* Debug */,
				18CD70DF2EFBDB4700F3CEBF /* Release */,
			);
			defaultConfigurationIsVisible = 0;
			defaultConfigurationName = Release;
		};
		18CD70E02EFBDB4700F3CEBF /* Build configuration list for PBXNativeTarget "l-times-myTests" */ = {
			isa = XCConfigurationList;
			buildConfigurations = (
				18CD70E12EFBDB4700F3CEBF /* Debug */,
				18CD70E22EFBDB4700F3CEBF /* Release */,
			);
			defaultConfigurationIsVisible = 0;
			defaultConfigurationName = Release;
		};
		18CD70E32EFBDB4700F3CEBF /* Build configuration list for PBXNativeTarget "l-times-myUITests" */ = {
			isa = XCConfigurationList;
			buildConfigurations = (
				18CD70E42EFBDB4700F3CEBF /* Debug */,
				18CD70E52EFBDB4700F3CEBF /* Release */,
			);
			defaultConfigurationIsVisible = 0;
			defaultConfigurationName = Release;
		};
/* End XCConfigurationList section */
	};
	rootObject = 18CD70B12EFBDB4400F3CEBF /* Project object */;
}
